
Microsoft Visual Studio Solution File, Format Version 12.00
# Visual Studio Version 16
VisualStudioVersion = 16.0.32413.511
MinimumVisualStudioVersion = 10.0.40219.1
Project("{FAE04EC0-301F-11D3-BF4B-00C04F79EFBC}") = "SampleConsoleapp", "SampleConsoleapp\SampleConsoleapp.csproj", "{07D79D50-A68C-4419-97FB-85E88DC12316}"
EndProject
Global
	GlobalSection(SolutionConfigurationPlatforms) = preSolution
		Debug|Any CPU = Debug|Any CPU
		Release|Any CPU = Release|Any CPU
	EndGlobalSection
	GlobalSection(ProjectConfigurationPlatforms) = postSolution
		{07D79D50-A68C-4419-97FB-85E88DC12316}.Debug|Any CPU.ActiveCfg = Debug|Any CPU
		{07D79D50-A68C-4419-97FB-85E88DC12316}.Debug|Any CPU.Build.0 = Debug|Any CPU
		{07D79D50-A68C-4419-97FB-85E88DC12316}.Release|Any CPU.ActiveCfg = Release|Any CPU
		{07D79D50-A68C-4419-97FB-85E88DC12316}.Release|Any CPU.Build.0 = Release|Any CPU
	EndGlobalSection
	GlobalSection(SolutionProperties) = preSolution
		HideSolutionNode = FALSE
	EndGlobalSection
	GlobalSection(ExtensibilityGlobals) = postSolution
		SolutionGuid = {BF329CBC-9F5F-4E51-80DC-9F2336C0D866}
	EndGlobalSection
EndGlobal
